
Microsoft Visual Studio Solution File, Format Version 12.00
# Visual Studio 15
VisualStudioVersion = 15.0.28307.1525
MinimumVisualStudioVersion = 10.0.40219.1
Project("{FAE04EC0-301F-11D3-BF4B-00C04F79EFBC}") = "Heros", "Heros\Heros.csproj", "{1CB1D76A-C029-49D3-AF71-69202D8DE7BD}"
EndProject
Global
	GlobalSection(SolutionConfigurationPlatforms) = preSolution
		Debug|Any CPU = Debug|Any CPU
		Release|Any CPU = Release|Any CPU
	EndGlobalSection
	GlobalSection(ProjectConfigurationPlatforms) = postSolution
		{1CB1D76A-C029-49D3-AF71-69202D8DE7BD}.Debug|Any CPU.ActiveCfg = Debug|Any CPU
		{1CB1D76A-C029-49D3-AF71-69202D8DE7BD}.Debug|Any CPU.Build.0 = Debug|Any CPU
		{1CB1D76A-C029-49D3-AF71-69202D8DE7BD}.Release|Any CPU.ActiveCfg = Release|Any CPU
		{1CB1D76A-C029-49D3-AF71-69202D8DE7BD}.Release|Any CPU.Build.0 = Release|Any CPU
	EndGlobalSection
	GlobalSection(SolutionProperties) = preSolution
		HideSolutionNode = FALSE
	EndGlobalSection
	GlobalSection(ExtensibilityGlobals) = postSolution
		SolutionGuid = {5CFBF23A-31AD-42D4-B0FD-8B465BB8BA15}
	EndGlobalSection
EndGlobal
